
Microsoft Visual Studio Solution File, Format Version 12.00
# Visual Studio Version 17
VisualStudioVersion = 17.2.32210.308
MinimumVisualStudioVersion = 10.0.40219.1
Project("{888888A0-9F3D-457C-B088-3A5042F75D52}") = "AlpsBottleWebProject", "AlpsBottleWebProject\AlpsBottleWebProject.pyproj", "{D65CE8F8-5F7B-4BF8-843E-A21E63411ABD}"
EndProject
Global
	GlobalSection(SolutionConfigurationPlatforms) = preSolution
		Debug|Any CPU = Debug|Any CPU
		Release|Any CPU = Release|Any CPU
	EndGlobalSection
	GlobalSection(ProjectConfigurationPlatforms) = postSolution
		{D65CE8F8-5F7B-4BF8-843E-A21E63411ABD}.Debug|Any CPU.ActiveCfg = Debug|Any CPU
		{D65CE8F8-5F7B-4BF8-843E-A21E63411ABD}.Debug|Any CPU.Build.0 = Debug|Any CPU
		{D65CE8F8-5F7B-4BF8-843E-A21E63411ABD}.Release|Any CPU.ActiveCfg = Release|Any CPU
		{D65CE8F8-5F7B-4BF8-843E-A21E63411ABD}.Release|Any CPU.Build.0 = Release|Any CPU
	EndGlobalSection
	GlobalSection(SolutionProperties) = preSolution
		HideSolutionNode = FALSE
	EndGlobalSection
	GlobalSection(ExtensibilityGlobals) = postSolution
		SolutionGuid = {DAD79744-C10D-40DB-9DC0-D70E87498AC2}
	EndGlobalSection
EndGlobal
